// !$*UTF8*$!
{
	archiveVersion = 1;
	classes = {
	};
	objectVersion = 55;
	objects = {

/* Begin PBXBuildFile section */
		4907060A2990649F00FBCCEC /* AppDelegate.swift in Sources */ = {isa = PBXBuildFile; fileRef = 490706092990649F00FBCCEC /* AppDelegate.swift */; };
		4907060C2990649F00FBCCEC /* SceneDelegate.swift in Sources */ = {isa = PBXBuildFile; fileRef = 4907060B2990649F00FBCCEC /* SceneDelegate.swift */; };
		4907060E2990649F00FBCCEC /* ViewController.swift in Sources */ = {isa = PBXBuildFile; fileRef = 4907060D2990649F00FBCCEC /* ViewController.swift */; };
		490706112990649F00FBCCEC /* Main.storyboard in Resources */ = {isa = PBXBuildFile; fileRef = 4907060F2990649F00FBCCEC /* Main.storyboard */; };
		49070613299064A000FBCCEC /* Assets.xcassets in Resources */ = {isa = PBXBuildFile; fileRef = 49070612299064A000FBCCEC /* Assets.xcassets */; };
		49070616299064A000FBCCEC /* LaunchScreen.storyboard in Resources */ = {isa = PBXBuildFile; fileRef = 49070614299064A000FBCCEC /* LaunchScreen.storyboard */; };
		49070621299064A000FBCCEC /* DisneydexTests.swift in Sources */ = {isa = PBXBuildFile; fileRef = 49070620299064A000FBCCEC /* DisneydexTests.swift */; };
		4907062B299064A000FBCCEC /* DisneydexUITests.swift in Sources */ = {isa = PBXBuildFile; fileRef = 4907062A299064A000FBCCEC /* DisneydexUITests.swift */; };
		4907062D299064A000FBCCEC /* DisneydexUITestsLaunchTests.swift in Sources */ = {isa = PBXBuildFile; fileRef = 4907062C299064A000FBCCEC /* DisneydexUITestsLaunchTests.swift */; };
		4907063C29906E9200FBCCEC /* GetCharactersApiResponse.swift in Sources */ = {isa = PBXBuildFile; fileRef = 4907063B29906E9200FBCCEC /* GetCharactersApiResponse.swift */; };
		4907063E29906F0200FBCCEC /* DisneyCharacter.swift in Sources */ = {isa = PBXBuildFile; fileRef = 4907063D29906F0200FBCCEC /* DisneyCharacter.swift */; };
		49070640299070EE00FBCCEC /* CharacterListViewModel.swift in Sources */ = {isa = PBXBuildFile; fileRef = 4907063F299070EE00FBCCEC /* CharacterListViewModel.swift */; };
		490706422990F58300FBCCEC /* DisneyDataService.swift in Sources */ = {isa = PBXBuildFile; fileRef = 490706412990F58300FBCCEC /* DisneyDataService.swift */; };
		4907064429915D7B00FBCCEC /* ImageFetcher.swift in Sources */ = {isa = PBXBuildFile; fileRef = 4907064329915D7B00FBCCEC /* ImageFetcher.swift */; };
		4907064629915F8300FBCCEC /* DisneyCharacterListCell.swift in Sources */ = {isa = PBXBuildFile; fileRef = 4907064529915F8300FBCCEC /* DisneyCharacterListCell.swift */; };
		4907064829915FA900FBCCEC /* DisneyCharacterListCellPresenter.swift in Sources */ = {isa = PBXBuildFile; fileRef = 4907064729915FA900FBCCEC /* DisneyCharacterListCellPresenter.swift */; };
/* End PBXBuildFile section */

/* Begin PBXContainerItemProxy section */
		4907061D299064A000FBCCEC /* PBXContainerItemProxy */ = {
			isa = PBXContainerItemProxy;
			containerPortal = 490705FE2990649F00FBCCEC /* Project object */;
			proxyType = 1;
			remoteGlobalIDString = 490706052990649F00FBCCEC;
			remoteInfo = Disneydex;
		};
		49070627299064A000FBCCEC /* PBXContainerItemProxy */ = {
			isa = PBXContainerItemProxy;
			containerPortal = 490705FE2990649F00FBCCEC /* Project object */;
			proxyType = 1;
			remoteGlobalIDString = 490706052990649F00FBCCEC;
			remoteInfo = Disneydex;
		};
/* End PBXContainerItemProxy section */

/* Begin PBXFileReference section */
		490706062990649F00FBCCEC /* Disneydex.app */ = {isa = PBXFileReference; explicitFileType = wrapper.application; includeInIndex = 0; path = Disneydex.app; sourceTree = BUILT_PRODUCTS_DIR; };
		490706092990649F00FBCCEC /* AppDelegate.swift */ = {isa = PBXFileReference; lastKnownFileType = sourcecode.swift; path = AppDelegate.swift; sourceTree = "<group>"; };
		4907060B2990649F00FBCCEC /* SceneDelegate.swift */ = {isa = PBXFileReference; lastKnownFileType = sourcecode.swift; path = SceneDelegate.swift; sourceTree = "<group>"; };
		4907060D2990649F00FBCCEC /* ViewController.swift */ = {isa = PBXFileReference; lastKnownFileType = sourcecode.swift; path = ViewController.swift; sourceTree = "<group>"; };
		490706102990649F00FBCCEC /* Base */ = {isa = PBXFileReference; lastKnownFileType = file.storyboard; name = Base; path = Base.lproj/Main.storyboard; sourceTree = "<group>"; };
		49070612299064A000FBCCEC /* Assets.xcassets */ = {isa = PBXFileReference; lastKnownFileType = folder.assetcatalog; path = Assets.xcassets; sourceTree = "<group>"; };
		49070615299064A000FBCCEC /* Base */ = {isa = PBXFileReference; lastKnownFileType = file.storyboard; name = Base; path = Base.lproj/LaunchScreen.storyboard; sourceTree = "<group>"; };
		49070617299064A000FBCCEC /* Info.plist */ = {isa = PBXFileReference; lastKnownFileType = text.plist.xml; path = Info.plist; sourceTree = "<group>"; };
		4907061C299064A000FBCCEC /* DisneydexTests.xctest */ = {isa = PBXFileReference; explicitFileType = wrapper.cfbundle; includeInIndex = 0; path = DisneydexTests.xctest; sourceTree = BUILT_PRODUCTS_DIR; };
		49070620299064A000FBCCEC /* DisneydexTests.swift */ = {isa = PBXFileReference; lastKnownFileType = sourcecode.swift; path = DisneydexTests.swift; sourceTree = "<group>"; };
		49070626299064A000FBCCEC /* DisneydexUITests.xctest */ = {isa = PBXFileReference; explicitFileType = wrapper.cfbundle; includeInIndex = 0; path = DisneydexUITests.xctest; sourceTree = BUILT_PRODUCTS_DIR; };
		4907062A299064A000FBCCEC /* DisneydexUITests.swift */ = {isa = PBXFileReference; lastKnownFileType = sourcecode.swift; path = DisneydexUITests.swift; sourceTree = "<group>"; };
		4907062C299064A000FBCCEC /* DisneydexUITestsLaunchTests.swift */ = {isa = PBXFileReference; lastKnownFileType = sourcecode.swift; path = DisneydexUITestsLaunchTests.swift; sourceTree = "<group>"; };
		4907063B29906E9200FBCCEC /* GetCharactersApiResponse.swift */ = {isa = PBXFileReference; lastKnownFileType = sourcecode.swift; path = GetCharactersApiResponse.swift; sourceTree = "<group>"; };
		4907063D29906F0200FBCCEC /* DisneyCharacter.swift */ = {isa = PBXFileReference; lastKnownFileType = sourcecode.swift; path = DisneyCharacter.swift; sourceTree = "<group>"; };
		4907063F299070EE00FBCCEC /* CharacterListViewModel.swift */ = {isa = PBXFileReference; lastKnownFileType = sourcecode.swift; path = CharacterListViewModel.swift; sourceTree = "<group>"; };
		490706412990F58300FBCCEC /* DisneyDataService.swift */ = {isa = PBXFileReference; lastKnownFileType = sourcecode.swift; path = DisneyDataService.swift; sourceTree = "<group>"; };
		4907064329915D7B00FBCCEC /* ImageFetcher.swift */ = {isa = PBXFileReference; lastKnownFileType = sourcecode.swift; path = ImageFetcher.swift; sourceTree = "<group>"; };
		4907064529915F8300FBCCEC /* DisneyCharacterListCell.swift */ = {isa = PBXFileReference; lastKnownFileType = sourcecode.swift; path = DisneyCharacterListCell.swift; sourceTree = "<group>"; };
		4907064729915FA900FBCCEC /* DisneyCharacterListCellPresenter.swift */ = {isa = PBXFileReference; lastKnownFileType = sourcecode.swift; path = DisneyCharacterListCellPresenter.swift; sourceTree = "<group>"; };
/* End PBXFileReference section */

/* Begin PBXFrameworksBuildPhase section */
		490706032990649F00FBCCEC /* Frameworks */ = {
			isa = PBXFrameworksBuildPhase;
			buildActionMask = 2147483647;
			files = (
			);
			runOnlyForDeploymentPostprocessing = 0;
		};
		49070619299064A000FBCCEC /* Frameworks */ = {
			isa = PBXFrameworksBuildPhase;
			buildActionMask = 2147483647;
			files = (
			);
			runOnlyForDeploymentPostprocessing = 0;
		};
		49070623299064A000FBCCEC /* Frameworks */ = {
			isa = PBXFrameworksBuildPhase;
			buildActionMask = 2147483647;
			files = (
			);
			runOnlyForDeploymentPostprocessing = 0;
		};
/* End PBXFrameworksBuildPhase section */

/* Begin PBXGroup section */
		490705FD2990649F00FBCCEC = {
			isa = PBXGroup;
			children = (
				490706082990649F00FBCCEC /* Disneydex */,
				4907061F299064A000FBCCEC /* DisneydexTests */,
				49070629299064A000FBCCEC /* DisneydexUITests */,
				490706072990649F00FBCCEC /* Products */,
			);
			sourceTree = "<group>";
		};
		490706072990649F00FBCCEC /* Products */ = {
			isa = PBXGroup;
			children = (
				490706062990649F00FBCCEC /* Disneydex.app */,
				4907061C299064A000FBCCEC /* DisneydexTests.xctest */,
				49070626299064A000FBCCEC /* DisneydexUITests.xctest */,
			);
			name = Products;
			sourceTree = "<group>";
		};
		490706082990649F00FBCCEC /* Disneydex */ = {
			isa = PBXGroup;
			children = (
				4907064C2991617E00FBCCEC /* CharacterList */,
				4907064B2991615500FBCCEC /* Networking */,
				4907064A2991614A00FBCCEC /* Model */,
				490706092990649F00FBCCEC /* AppDelegate.swift */,
				4907060B2990649F00FBCCEC /* SceneDelegate.swift */,
				4907060D2990649F00FBCCEC /* ViewController.swift */,
				4907060F2990649F00FBCCEC /* Main.storyboard */,
				49070612299064A000FBCCEC /* Assets.xcassets */,
				49070614299064A000FBCCEC /* LaunchScreen.storyboard */,
				49070617299064A000FBCCEC /* Info.plist */,
			);
			path = Disneydex;
			sourceTree = "<group>";
		};
		4907061F299064A000FBCCEC /* DisneydexTests */ = {
			isa = PBXGroup;
			children = (
				49070620299064A000FBCCEC /* DisneydexTests.swift */,
			);
			path = DisneydexTests;
			sourceTree = "<group>";
		};
		49070629299064A000FBCCEC /* DisneydexUITests */ = {
			isa = PBXGroup;
			children = (
				4907062A299064A000FBCCEC /* DisneydexUITests.swift */,
				4907062C299064A000FBCCEC /* DisneydexUITestsLaunchTests.swift */,
			);
			path = DisneydexUITests;
			sourceTree = "<group>";
		};
		49070649299160FF00FBCCEC /* DisneyCharacterListCell */ = {
			isa = PBXGroup;
			children = (
				4907064529915F8300FBCCEC /* DisneyCharacterListCell.swift */,
				4907064729915FA900FBCCEC /* DisneyCharacterListCellPresenter.swift */,
			);
			path = DisneyCharacterListCell;
			sourceTree = "<group>";
		};
		4907064A2991614A00FBCCEC /* Model */ = {
			isa = PBXGroup;
			children = (
				4907063D29906F0200FBCCEC /* DisneyCharacter.swift */,
			);
			path = Model;
			sourceTree = "<group>";
		};
		4907064B2991615500FBCCEC /* Networking */ = {
			isa = PBXGroup;
			children = (
				4907063B29906E9200FBCCEC /* GetCharactersApiResponse.swift */,
				490706412990F58300FBCCEC /* DisneyDataService.swift */,
				4907064329915D7B00FBCCEC /* ImageFetcher.swift */,
			);
			path = Networking;
			sourceTree = "<group>";
		};
		4907064C2991617E00FBCCEC /* CharacterList */ = {
			isa = PBXGroup;
			children = (
				4907063F299070EE00FBCCEC /* CharacterListViewModel.swift */,
				49070649299160FF00FBCCEC /* DisneyCharacterListCell */,
			);
			path = CharacterList;
			sourceTree = "<group>";
		};
/* End PBXGroup section */

/* Begin PBXNativeTarget section */
		490706052990649F00FBCCEC /* Disneydex */ = {
			isa = PBXNativeTarget;
			buildConfigurationList = 49070630299064A000FBCCEC /* Build configuration list for PBXNativeTarget "Disneydex" */;
			buildPhases = (
				490706022990649F00FBCCEC /* Sources */,
				490706032990649F00FBCCEC /* Frameworks */,
				490706042990649F00FBCCEC /* Resources */,
			);
			buildRules = (
			);
			dependencies = (
			);
			name = Disneydex;
			productName = Disneydex;
			productReference = 490706062990649F00FBCCEC /* Disneydex.app */;
			productType = "com.apple.product-type.application";
		};
		4907061B299064A000FBCCEC /* DisneydexTests */ = {
			isa = PBXNativeTarget;
			buildConfigurationList = 49070633299064A000FBCCEC /* Build configuration list for PBXNativeTarget "DisneydexTests" */;
			buildPhases = (
				49070618299064A000FBCCEC /* Sources */,
				49070619299064A000FBCCEC /* Frameworks */,
				4907061A299064A000FBCCEC /* Resources */,
			);
			buildRules = (
			);
			dependencies = (
				4907061E299064A000FBCCEC /* PBXTargetDependency */,
			);
			name = DisneydexTests;
			productName = DisneydexTests;
			productReference = 4907061C299064A000FBCCEC /* DisneydexTests.xctest */;
			productType = "com.apple.product-type.bundle.unit-test";
		};
		49070625299064A000FBCCEC /* DisneydexUITests */ = {
			isa = PBXNativeTarget;
			buildConfigurationList = 49070636299064A000FBCCEC /* Build configuration list for PBXNativeTarget "DisneydexUITests" */;
			buildPhases = (
				49070622299064A000FBCCEC /* Sources */,
				49070623299064A000FBCCEC /* Frameworks */,
				49070624299064A000FBCCEC /* Resources */,
			);
			buildRules = (
			);
			dependencies = (
				49070628299064A000FBCCEC /* PBXTargetDependency */,
			);
			name = DisneydexUITests;
			productName = DisneydexUITests;
			productReference = 49070626299064A000FBCCEC /* DisneydexUITests.xctest */;
			productType = "com.apple.product-type.bundle.ui-testing";
		};
/* End PBXNativeTarget section */

/* Begin PBXProject section */
		490705FE2990649F00FBCCEC /* Project object */ = {
			isa = PBXProject;
			attributes = {
				BuildIndependentTargetsInParallel = 1;
				LastSwiftUpdateCheck = 1340;
				LastUpgradeCheck = 1340;
				TargetAttributes = {
					490706052990649F00FBCCEC = {
						CreatedOnToolsVersion = 13.4.1;
					};
					4907061B299064A000FBCCEC = {
						CreatedOnToolsVersion = 13.4.1;
						TestTargetID = 490706052990649F00FBCCEC;
					};
					49070625299064A000FBCCEC = {
						CreatedOnToolsVersion = 13.4.1;
						TestTargetID = 490706052990649F00FBCCEC;
					};
				};
			};
			buildConfigurationList = 490706012990649F00FBCCEC /* Build configuration list for PBXProject "Disneydex" */;
			compatibilityVersion = "Xcode 13.0";
			developmentRegion = en;
			hasScannedForEncodings = 0;
			knownRegions = (
				en,
				Base,
			);
			mainGroup = 490705FD2990649F00FBCCEC;
			productRefGroup = 490706072990649F00FBCCEC /* Products */;
			projectDirPath = "";
			projectRoot = "";
			targets = (
				490706052990649F00FBCCEC /* Disneydex */,
				4907061B299064A000FBCCEC /* DisneydexTests */,
				49070625299064A000FBCCEC /* DisneydexUITests */,
			);
		};
/* End PBXProject section */

/* Begin PBXResourcesBuildPhase section */
		490706042990649F00FBCCEC /* Resources */ = {
			isa = PBXResourcesBuildPhase;
			buildActionMask = 2147483647;
			files = (
				49070616299064A000FBCCEC /* LaunchScreen.storyboard in Resources */,
				49070613299064A000FBCCEC /* Assets.xcassets in Resources */,
				490706112990649F00FBCCEC /* Main.storyboard in Resources */,
			);
			runOnlyForDeploymentPostprocessing = 0;
		};
		4907061A299064A000FBCCEC /* Resources */ = {
			isa = PBXResourcesBuildPhase;
			buildActionMask = 2147483647;
			files = (
			);
			runOnlyForDeploymentPostprocessing = 0;
		};
		49070624299064A000FBCCEC /* Resources */ = {
			isa = PBXResourcesBuildPhase;
			buildActionMask = 2147483647;
			files = (
			);
			runOnlyForDeploymentPostprocessing = 0;
		};
/* End PBXResourcesBuildPhase section */

/* Begin PBXSourcesBuildPhase section */
		490706022990649F00FBCCEC /* Sources */ = {
			isa = PBXSourcesBuildPhase;
			buildActionMask = 2147483647;
			files = (
				4907064829915FA900FBCCEC /* DisneyCharacterListCellPresenter.swift in Sources */,
				4907060E2990649F00FBCCEC /* ViewController.swift in Sources */,
				4907064429915D7B00FBCCEC /* ImageFetcher.swift in Sources */,
				4907064629915F8300FBCCEC /* DisneyCharacterListCell.swift in Sources */,
				490706422990F58300FBCCEC /* DisneyDataService.swift in Sources */,
				4907060A2990649F00FBCCEC /* AppDelegate.swift in Sources */,
				4907063C29906E9200FBCCEC /* GetCharactersApiResponse.swift in Sources */,
				4907063E29906F0200FBCCEC /* DisneyCharacter.swift in Sources */,
				49070640299070EE00FBCCEC /* CharacterListViewModel.swift in Sources */,
				4907060C2990649F00FBCCEC /* SceneDelegate.swift in Sources */,
			);
			runOnlyForDeploymentPostprocessing = 0;
		};
		49070618299064A000FBCCEC /* Sources */ = {
			isa = PBXSourcesBuildPhase;
			buildActionMask = 2147483647;
			files = (
				49070621299064A000FBCCEC /* DisneydexTests.swift in Sources */,
			);
			runOnlyForDeploymentPostprocessing = 0;
		};
		49070622299064A000FBCCEC /* Sources */ = {
			isa = PBXSourcesBuildPhase;
			buildActionMask = 2147483647;
			files = (
				4907062D299064A000FBCCEC /* DisneydexUITestsLaunchTests.swift in Sources */,
				4907062B299064A000FBCCEC /* DisneydexUITests.swift in Sources */,
			);
			runOnlyForDeploymentPostprocessing = 0;
		};
/* End PBXSourcesBuildPhase section */

/* Begin PBXTargetDependency section */
		4907061E299064A000FBCCEC /* PBXTargetDependency */ = {
			isa = PBXTargetDependency;
			target = 490706052990649F00FBCCEC /* Disneydex */;
			targetProxy = 4907061D299064A000FBCCEC /* PBXContainerItemProxy */;
		};
		49070628299064A000FBCCEC /* PBXTargetDependency */ = {
			isa = PBXTargetDependency;
			target = 490706052990649F00FBCCEC /* Disneydex */;
			targetProxy = 49070627299064A000FBCCEC /* PBXContainerItemProxy */;
		};
/* End PBXTargetDependency section */

/* Begin PBXVariantGroup section */
		4907060F2990649F00FBCCEC /* Main.storyboard */ = {
			isa = PBXVariantGroup;
			children = (
				490706102990649F00FBCCEC /* Base */,
			);
			name = Main.storyboard;
			sourceTree = "<group>";
		};
		49070614299064A000FBCCEC /* LaunchScreen.storyboard */ = {
			isa = PBXVariantGroup;
			children = (
				49070615299064A000FBCCEC /* Base */,
			);
			name = LaunchScreen.storyboard;
			sourceTree = "<group>";
		};
/* End PBXVariantGroup section */

/* Begin XCBuildConfiguration section */
		4907062E299064A000FBCCEC /* Debug */ = {
			isa = XCBuildConfiguration;
			buildSettings = {
				ALWAYS_SEARCH_USER_PATHS = NO;
				CLANG_ANALYZER_NONNULL = YES;
				CLANG_ANALYZER_NUMBER_OBJECT_CONVERSION = YES_AGGRESSIVE;
				CLANG_CXX_LANGUAGE_STANDARD = "gnu++17";
				CLANG_ENABLE_MODULES = YES;
				CLANG_ENABLE_OBJC_ARC = YES;
				CLANG_ENABLE_OBJC_WEAK = YES;
				CLANG_WARN_BLOCK_CAPTURE_AUTORELEASING = YES;
				CLANG_WARN_BOOL_CONVERSION = YES;
				CLANG_WARN_COMMA = YES;
				CLANG_WARN_CONSTANT_CONVERSION = YES;
				CLANG_WARN_DEPRECATED_OBJC_IMPLEMENTATIONS = YES;
				CLANG_WARN_DIRECT_OBJC_ISA_USAGE = YES_ERROR;
				CLANG_WARN_DOCUMENTATION_COMMENTS = YES;
				CLANG_WARN_EMPTY_BODY = YES;
				CLANG_WARN_ENUM_CONVERSION = YES;
				CLANG_WARN_INFINITE_RECURSION = YES;
				CLANG_WARN_INT_CONVERSION = YES;
				CLANG_WARN_NON_LITERAL_NULL_CONVERSION = YES;
				CLANG_WARN_OBJC_IMPLICIT_RETAIN_SELF = YES;
				CLANG_WARN_OBJC_LITERAL_CONVERSION = YES;
				CLANG_WARN_OBJC_ROOT_CLASS = YES_ERROR;
				CLANG_WARN_QUOTED_INCLUDE_IN_FRAMEWORK_HEADER = YES;
				CLANG_WARN_RANGE_LOOP_ANALYSIS = YES;
				CLANG_WARN_STRICT_PROTOTYPES = YES;
				CLANG_WARN_SUSPICIOUS_MOVE = YES;
				CLANG_WARN_UNGUARDED_AVAILABILITY = YES_AGGRESSIVE;
				CLANG_WARN_UNREACHABLE_CODE = YES;
				CLANG_WARN__DUPLICATE_METHOD_MATCH = YES;
				COPY_PHASE_STRIP = NO;
				DEBUG_INFORMATION_FORMAT = dwarf;
				ENABLE_STRICT_OBJC_MSGSEND = YES;
				ENABLE_TESTABILITY = YES;
				GCC_C_LANGUAGE_STANDARD = gnu11;
				GCC_DYNAMIC_NO_PIC = NO;
				GCC_NO_COMMON_BLOCKS = YES;
				GCC_OPTIMIZATION_LEVEL = 0;
				GCC_PREPROCESSOR_DEFINITIONS = (
					"DEBUG=1",
					"$(inherited)",
				);
				GCC_WARN_64_TO_32_BIT_CONVERSION = YES;
				GCC_WARN_ABOUT_RETURN_TYPE = YES_ERROR;
				GCC_WARN_UNDECLARED_SELECTOR = YES;
				GCC_WARN_UNINITIALIZED_AUTOS = YES_AGGRESSIVE;
				GCC_WARN_UNUSED_FUNCTION = YES;
				GCC_WARN_UNUSED_VARIABLE = YES;
				IPHONEOS_DEPLOYMENT_TARGET = 15.5;
				MTL_ENABLE_DEBUG_INFO = INCLUDE_SOURCE;
				MTL_FAST_MATH = YES;
				ONLY_ACTIVE_ARCH = YES;
				SDKROOT = iphoneos;
				SWIFT_ACTIVE_COMPILATION_CONDITIONS = DEBUG;
				SWIFT_OPTIMIZATION_LEVEL = "-Onone";
			};
			name = Debug;
		};
		4907062F299064A000FBCCEC /* Release */ = {
			isa = XCBuildConfiguration;
			buildSettings = {
				ALWAYS_SEARCH_USER_PATHS = NO;
				CLANG_ANALYZER_NONNULL = YES;
				CLANG_ANALYZER_NUMBER_OBJECT_CONVERSION = YES_AGGRESSIVE;
				CLANG_CXX_LANGUAGE_STANDARD = "gnu++17";
				CLANG_ENABLE_MODULES = YES;
				CLANG_ENABLE_OBJC_ARC = YES;
				CLANG_ENABLE_OBJC_WEAK = YES;
				CLANG_WARN_BLOCK_CAPTURE_AUTORELEASING = YES;
				CLANG_WARN_BOOL_CONVERSION = YES;
				CLANG_WARN_COMMA = YES;
				CLANG_WARN_CONSTANT_CONVERSION = YES;
				CLANG_WARN_DEPRECATED_OBJC_IMPLEMENTATIONS = YES;
				CLANG_WARN_DIRECT_OBJC_ISA_USAGE = YES_ERROR;
				CLANG_WARN_DOCUMENTATION_COMMENTS = YES;
				CLANG_WARN_EMPTY_BODY = YES;
				CLANG_WARN_ENUM_CONVERSION = YES;
				CLANG_WARN_INFINITE_RECURSION = YES;
				CLANG_WARN_INT_CONVERSION = YES;
				CLANG_WARN_NON_LITERAL_NULL_CONVERSION = YES;
				CLANG_WARN_OBJC_IMPLICIT_RETAIN_SELF = YES;
				CLANG_WARN_OBJC_LITERAL_CONVERSION = YES;
				CLANG_WARN_OBJC_ROOT_CLASS = YES_ERROR;
				CLANG_WARN_QUOTED_INCLUDE_IN_FRAMEWORK_HEADER = YES;
				CLANG_WARN_RANGE_LOOP_ANALYSIS = YES;
				CLANG_WARN_STRICT_PROTOTYPES = YES;
				CLANG_WARN_SUSPICIOUS_MOVE = YES;
				CLANG_WARN_UNGUARDED_AVAILABILITY = YES_AGGRESSIVE;
				CLANG_WARN_UNREACHABLE_CODE = YES;
				CLANG_WARN__DUPLICATE_METHOD_MATCH = YES;
				COPY_PHASE_STRIP = NO;
				DEBUG_INFORMATION_FORMAT = "dwarf-with-dsym";
				ENABLE_NS_ASSERTIONS = NO;
				ENABLE_STRICT_OBJC_MSGSEND = YES;
				GCC_C_LANGUAGE_STANDARD = gnu11;
				GCC_NO_COMMON_BLOCKS = YES;
				GCC_WARN_64_TO_32_BIT_CONVERSION = YES;
				GCC_WARN_ABOUT_RETURN_TYPE = YES_ERROR;
				GCC_WARN_UNDECLARED_SELECTOR = YES;
				GCC_WARN_UNINITIALIZED_AUTOS = YES_AGGRESSIVE;
				GCC_WARN_UNUSED_FUNCTION = YES;
				GCC_WARN_UNUSED_VARIABLE = YES;
				IPHONEOS_DEPLOYMENT_TARGET = 15.5;
				MTL_ENABLE_DEBUG_INFO = NO;
				MTL_FAST_MATH = YES;
				SDKROOT = iphoneos;
				SWIFT_COMPILATION_MODE = wholemodule;
				SWIFT_OPTIMIZATION_LEVEL = "-O";
				VALIDATE_PRODUCT = YES;
			};
			name = Release;
		};
		49070631299064A000FBCCEC /* Debug */ = {
			isa = XCBuildConfiguration;
			buildSettings = {
				ASSETCATALOG_COMPILER_APPICON_NAME = AppIcon;
				ASSETCATALOG_COMPILER_GLOBAL_ACCENT_COLOR_NAME = AccentColor;
				CODE_SIGN_STYLE = Automatic;
				CURRENT_PROJECT_VERSION = 1;
				DEVELOPMENT_TEAM = K4QLGBM9V9;
				GENERATE_INFOPLIST_FILE = YES;
				INFOPLIST_FILE = Disneydex/Info.plist;
				INFOPLIST_KEY_UIApplicationSupportsIndirectInputEvents = YES;
				INFOPLIST_KEY_UILaunchStoryboardName = LaunchScreen;
				INFOPLIST_KEY_UIMainStoryboardFile = Main;
				INFOPLIST_KEY_UISupportedInterfaceOrientations_iPad = "UIInterfaceOrientationPortrait UIInterfaceOrientationPortraitUpsideDown UIInterfaceOrientationLandscapeLeft UIInterfaceOrientationLandscapeRight";
				INFOPLIST_KEY_UISupportedInterfaceOrientations_iPhone = "UIInterfaceOrientationPortrait UIInterfaceOrientationLandscapeLeft UIInterfaceOrientationLandscapeRight";
				LD_RUNPATH_SEARCH_PATHS = (
					"$(inherited)",
					"@executable_path/Frameworks",
				);
				MARKETING_VERSION = 1.0;
				PRODUCT_BUNDLE_IDENTIFIER = com.miggyd.Disneydex;
				PRODUCT_NAME = "$(TARGET_NAME)";
				SWIFT_EMIT_LOC_STRINGS = YES;
				SWIFT_VERSION = 5.0;
				TARGETED_DEVICE_FAMILY = "1,2";
			};
			name = Debug;
		};
		49070632299064A000FBCCEC /* Release */ = {
			isa = XCBuildConfiguration;
			buildSettings = {
				ASSETCATALOG_COMPILER_APPICON_NAME = AppIcon;
				ASSETCATALOG_COMPILER_GLOBAL_ACCENT_COLOR_NAME = AccentColor;
				CODE_SIGN_STYLE = Automatic;
				CURRENT_PROJECT_VERSION = 1;
				DEVELOPMENT_TEAM = K4QLGBM9V9;
				GENERATE_INFOPLIST_FILE = YES;
				INFOPLIST_FILE = Disneydex/Info.plist;
				INFOPLIST_KEY_UIApplicationSupportsIndirectInputEvents = YES;
				INFOPLIST_KEY_UILaunchStoryboardName = LaunchScreen;
				INFOPLIST_KEY_UIMainStoryboardFile = Main;
				INFOPLIST_KEY_UISupportedInterfaceOrientations_iPad = "UIInterfaceOrientationPortrait UIInterfaceOrientationPortraitUpsideDown UIInterfaceOrientationLandscapeLeft UIInterfaceOrientationLandscapeRight";
				INFOPLIST_KEY_UISupportedInterfaceOrientations_iPhone = "UIInterfaceOrientationPortrait UIInterfaceOrientationLandscapeLeft UIInterfaceOrientationLandscapeRight";
				LD_RUNPATH_SEARCH_PATHS = (
					"$(inherited)",
					"@executable_path/Frameworks",
				);
				MARKETING_VERSION = 1.0;
				PRODUCT_BUNDLE_IDENTIFIER = com.miggyd.Disneydex;
				PRODUCT_NAME = "$(TARGET_NAME)";
				SWIFT_EMIT_LOC_STRINGS = YES;
				SWIFT_VERSION = 5.0;
				TARGETED_DEVICE_FAMILY = "1,2";
			};
			name = Release;
		};
		49070634299064A000FBCCEC /* Debug */ = {
			isa = XCBuildConfiguration;
			buildSettings = {
				ALWAYS_EMBED_SWIFT_STANDARD_LIBRARIES = YES;
				BUNDLE_LOADER = "$(TEST_HOST)";
				CODE_SIGN_STYLE = Automatic;
				CURRENT_PROJECT_VERSION = 1;
				DEVELOPMENT_TEAM = K4QLGBM9V9;
				GENERATE_INFOPLIST_FILE = YES;
				IPHONEOS_DEPLOYMENT_TARGET = 15.5;
				MARKETING_VERSION = 1.0;
				PRODUCT_BUNDLE_IDENTIFIER = com.miggyd.DisneydexTests;
				PRODUCT_NAME = "$(TARGET_NAME)";
				SWIFT_EMIT_LOC_STRINGS = NO;
				SWIFT_VERSION = 5.0;
				TARGETED_DEVICE_FAMILY = "1,2";
				TEST_HOST = "$(BUILT_PRODUCTS_DIR)/Disneydex.app/Disneydex";
			};
			name = Debug;
		};
		49070635299064A000FBCCEC /* Release */ = {
			isa = XCBuildConfiguration;
			buildSettings = {
				ALWAYS_EMBED_SWIFT_STANDARD_LIBRARIES = YES;
				BUNDLE_LOADER = "$(TEST_HOST)";
				CODE_SIGN_STYLE = Automatic;
				CURRENT_PROJECT_VERSION = 1;
				DEVELOPMENT_TEAM = K4QLGBM9V9;
				GENERATE_INFOPLIST_FILE = YES;
				IPHONEOS_DEPLOYMENT_TARGET = 15.5;
				MARKETING_VERSION = 1.0;
				PRODUCT_BUNDLE_IDENTIFIER = com.miggyd.DisneydexTests;
				PRODUCT_NAME = "$(TARGET_NAME)";
				SWIFT_EMIT_LOC_STRINGS = NO;
				SWIFT_VERSION = 5.0;
				TARGETED_DEVICE_FAMILY = "1,2";
				TEST_HOST = "$(BUILT_PRODUCTS_DIR)/Disneydex.app/Disneydex";
			};
			name = Release;
		};
		49070637299064A000FBCCEC /* Debug */ = {
			isa = XCBuildConfiguration;
			buildSettings = {
				ALWAYS_EMBED_SWIFT_STANDARD_LIBRARIES = YES;
				CODE_SIGN_STYLE = Automatic;
				CURRENT_PROJECT_VERSION = 1;
				DEVELOPMENT_TEAM = K4QLGBM9V9;
				GENERATE_INFOPLIST_FILE = YES;
				MARKETING_VERSION = 1.0;
				PRODUCT_BUNDLE_IDENTIFIER = com.miggyd.DisneydexUITests;
				PRODUCT_NAME = "$(TARGET_NAME)";
				SWIFT_EMIT_LOC_STRINGS = NO;
				SWIFT_VERSION = 5.0;
				TARGETED_DEVICE_FAMILY = "1,2";
				TEST_TARGET_NAME = Disneydex;
			};
			name = Debug;
		};
		49070638299064A000FBCCEC /* Release */ = {
			isa = XCBuildConfiguration;
			buildSettings = {
				ALWAYS_EMBED_SWIFT_STANDARD_LIBRARIES = YES;
				CODE_SIGN_STYLE = Automatic;
				CURRENT_PROJECT_VERSION = 1;
				DEVELOPMENT_TEAM = K4QLGBM9V9;
				GENERATE_INFOPLIST_FILE = YES;
				MARKETING_VERSION = 1.0;
				PRODUCT_BUNDLE_IDENTIFIER = com.miggyd.DisneydexUITests;
				PRODUCT_NAME = "$(TARGET_NAME)";
				SWIFT_EMIT_LOC_STRINGS = NO;
				SWIFT_VERSION = 5.0;
				TARGETED_DEVICE_FAMILY = "1,2";
				TEST_TARGET_NAME = Disneydex;
			};
			name = Release;
		};
/* End XCBuildConfiguration section */

/* Begin XCConfigurationList section */
		490706012990649F00FBCCEC /* Build configuration list for PBXProject "Disneydex" */ = {
			isa = XCConfigurationList;
			buildConfigurations = (
				4907062E299064A000FBCCEC /* Debug */,
				4907062F299064A000FBCCEC /* Release */,
			);
			defaultConfigurationIsVisible = 0;
			defaultConfigurationName = Release;
		};
		49070630299064A000FBCCEC /* Build configuration list for PBXNativeTarget "Disneydex" */ = {
			isa = XCConfigurationList;
			buildConfigurations = (
				49070631299064A000FBCCEC /* Debug */,
				49070632299064A000FBCCEC /* Release */,
			);
			defaultConfigurationIsVisible = 0;
			defaultConfigurationName = Release;
		};
		49070633299064A000FBCCEC /* Build configuration list for PBXNativeTarget "DisneydexTests" */ = {
			isa = XCConfigurationList;
			buildConfigurations = (
				49070634299064A000FBCCEC /* Debug */,
				49070635299064A000FBCCEC /* Release */,
			);
			defaultConfigurationIsVisible = 0;
			defaultConfigurationName = Release;
		};
		49070636299064A000FBCCEC /* Build configuration list for PBXNativeTarget "DisneydexUITests" */ = {
			isa = XCConfigurationList;
			buildConfigurations = (
				49070637299064A000FBCCEC /* Debug */,
				49070638299064A000FBCCEC /* Release */,
			);
			defaultConfigurationIsVisible = 0;
			defaultConfigurationName = Release;
		};
/* End XCConfigurationList section */
	};
	rootObject = 490705FE2990649F00FBCCEC /* Project object */;
}
